// !$*UTF8*$!
{
	archiveVersion = 1;
	classes = {
	};
	objectVersion = 55;
	objects = {

/* Begin PBXBuildFile section */
		15962D6027391F08002AF1D2 /* Z6ToolsApp.swift in Sources */ = {isa = PBXBuildFile; fileRef = 15962D5F27391F08002AF1D2 /* Z6ToolsApp.swift */; };
		15962D6227391F08002AF1D2 /* ContentView.swift in Sources */ = {isa = PBXBuildFile; fileRef = 15962D6127391F08002AF1D2 /* ContentView.swift */; };
		15962D6427391F0F002AF1D2 /* Assets.xcassets in Resources */ = {isa = PBXBuildFile; fileRef = 15962D6327391F0F002AF1D2 /* Assets.xcassets */; };
		15962D6727391F0F002AF1D2 /* Preview Assets.xcassets in Resources */ = {isa = PBXBuildFile; fileRef = 15962D6627391F0F002AF1D2 /* Preview Assets.xcassets */; };
		15962D6927391F0F002AF1D2 /* Persistence.swift in Sources */ = {isa = PBXBuildFile; fileRef = 15962D6827391F0F002AF1D2 /* Persistence.swift */; };
		15962D6C27391F0F002AF1D2 /* Z6Tools.xcdatamodeld in Sources */ = {isa = PBXBuildFile; fileRef = 15962D6A27391F0F002AF1D2 /* Z6Tools.xcdatamodeld */; };
		15962D7627391F10002AF1D2 /* Z6ToolsTests.swift in Sources */ = {isa = PBXBuildFile; fileRef = 15962D7527391F10002AF1D2 /* Z6ToolsTests.swift */; };
		15962D8027391F10002AF1D2 /* Z6ToolsUITests.swift in Sources */ = {isa = PBXBuildFile; fileRef = 15962D7F27391F10002AF1D2 /* Z6ToolsUITests.swift */; };
		15962D8227391F10002AF1D2 /* Z6ToolsUITestsLaunchTests.swift in Sources */ = {isa = PBXBuildFile; fileRef = 15962D8127391F10002AF1D2 /* Z6ToolsUITestsLaunchTests.swift */; };
/* End PBXBuildFile section */

/* Begin PBXContainerItemProxy section */
		15962D7227391F10002AF1D2 /* PBXContainerItemProxy */ = {
			isa = PBXContainerItemProxy;
			containerPortal = 15962D5427391F08002AF1D2 /* Project object */;
			proxyType = 1;
			remoteGlobalIDString = 15962D5B27391F08002AF1D2;
			remoteInfo = Z6Tools;
		};
		15962D7C27391F10002AF1D2 /* PBXContainerItemProxy */ = {
			isa = PBXContainerItemProxy;
			containerPortal = 15962D5427391F08002AF1D2 /* Project object */;
			proxyType = 1;
			remoteGlobalIDString = 15962D5B27391F08002AF1D2;
			remoteInfo = Z6Tools;
		};
/* End PBXContainerItemProxy section */

/* Begin PBXFileReference section */
		15962D5C27391F08002AF1D2 /* Z6Tools.app */ = {isa = PBXFileReference; explicitFileType = wrapper.application; includeInIndex = 0; path = Z6Tools.app; sourceTree = BUILT_PRODUCTS_DIR; };
		15962D5F27391F08002AF1D2 /* Z6ToolsApp.swift */ = {isa = PBXFileReference; lastKnownFileType = sourcecode.swift; path = Z6ToolsApp.swift; sourceTree = "<group>"; };
		15962D6127391F08002AF1D2 /* ContentView.swift */ = {isa = PBXFileReference; lastKnownFileType = sourcecode.swift; path = ContentView.swift; sourceTree = "<group>"; };
		15962D6327391F0F002AF1D2 /* Assets.xcassets */ = {isa = PBXFileReference; lastKnownFileType = folder.assetcatalog; path = Assets.xcassets; sourceTree = "<group>"; };
		15962D6627391F0F002AF1D2 /* Preview Assets.xcassets */ = {isa = PBXFileReference; lastKnownFileType = folder.assetcatalog; path = "Preview Assets.xcassets"; sourceTree = "<group>"; };
		15962D6827391F0F002AF1D2 /* Persistence.swift */ = {isa = PBXFileReference; lastKnownFileType = sourcecode.swift; path = Persistence.swift; sourceTree = "<group>"; };
		15962D6B27391F0F002AF1D2 /* Z6Tools.xcdatamodel */ = {isa = PBXFileReference; lastKnownFileType = wrapper.xcdatamodel; path = Z6Tools.xcdatamodel; sourceTree = "<group>"; };
		15962D7127391F10002AF1D2 /* Z6ToolsTests.xctest */ = {isa = PBXFileReference; explicitFileType = wrapper.cfbundle; includeInIndex = 0; path = Z6ToolsTests.xctest; sourceTree = BUILT_PRODUCTS_DIR; };
		15962D7527391F10002AF1D2 /* Z6ToolsTests.swift */ = {isa = PBXFileReference; lastKnownFileType = sourcecode.swift; path = Z6ToolsTests.swift; sourceTree = "<group>"; };
		15962D7B27391F10002AF1D2 /* Z6ToolsUITests.xctest */ = {isa = PBXFileReference; explicitFileType = wrapper.cfbundle; includeInIndex = 0; path = Z6ToolsUITests.xctest; sourceTree = BUILT_PRODUCTS_DIR; };
		15962D7F27391F10002AF1D2 /* Z6ToolsUITests.swift */ = {isa = PBXFileReference; lastKnownFileType = sourcecode.swift; path = Z6ToolsUITests.swift; sourceTree = "<group>"; };
		15962D8127391F10002AF1D2 /* Z6ToolsUITestsLaunchTests.swift */ = {isa = PBXFileReference; lastKnownFileType = sourcecode.swift; path = Z6ToolsUITestsLaunchTests.swift; sourceTree = "<group>"; };
/* End PBXFileReference section */

/* Begin PBXFrameworksBuildPhase section */
		15962D5927391F08002AF1D2 /* Frameworks */ = {
			isa = PBXFrameworksBuildPhase;
			buildActionMask = 2147483647;
			files = (
			);
			runOnlyForDeploymentPostprocessing = 0;
		};
		15962D6E27391F10002AF1D2 /* Frameworks */ = {
			isa = PBXFrameworksBuildPhase;
			buildActionMask = 2147483647;
			files = (
			);
			runOnlyForDeploymentPostprocessing = 0;
		};
		15962D7827391F10002AF1D2 /* Frameworks */ = {
			isa = PBXFrameworksBuildPhase;
			buildActionMask = 2147483647;
			files = (
			);
			runOnlyForDeploymentPostprocessing = 0;
		};
/* End PBXFrameworksBuildPhase section */

/* Begin PBXGroup section */
		15962D5327391F08002AF1D2 = {
			isa = PBXGroup;
			children = (
				15962D5E27391F08002AF1D2 /* Z6Tools */,
				15962D7427391F10002AF1D2 /* Z6ToolsTests */,
				15962D7E27391F10002AF1D2 /* Z6ToolsUITests */,
				15962D5D27391F08002AF1D2 /* Products */,
			);
			sourceTree = "<group>";
		};
		15962D5D27391F08002AF1D2 /* Products */ = {
			isa = PBXGroup;
			children = (
				15962D5C27391F08002AF1D2 /* Z6Tools.app */,
				15962D7127391F10002AF1D2 /* Z6ToolsTests.xctest */,
				15962D7B27391F10002AF1D2 /* Z6ToolsUITests.xctest */,
			);
			name = Products;
			sourceTree = "<group>";
		};
		15962D5E27391F08002AF1D2 /* Z6Tools */ = {
			isa = PBXGroup;
			children = (
				15962D5F27391F08002AF1D2 /* Z6ToolsApp.swift */,
				15962D6127391F08002AF1D2 /* ContentView.swift */,
				15962D6327391F0F002AF1D2 /* Assets.xcassets */,
				15962D6827391F0F002AF1D2 /* Persistence.swift */,
				15962D6A27391F0F002AF1D2 /* Z6Tools.xcdatamodeld */,
				15962D6527391F0F002AF1D2 /* Preview Content */,
			);
			path = Z6Tools;
			sourceTree = "<group>";
		};
		15962D6527391F0F002AF1D2 /* Preview Content */ = {
			isa = PBXGroup;
			children = (
				15962D6627391F0F002AF1D2 /* Preview Assets.xcassets */,
			);
			path = "Preview Content";
			sourceTree = "<group>";
		};
		15962D7427391F10002AF1D2 /* Z6ToolsTests */ = {
			isa = PBXGroup;
			children = (
				15962D7527391F10002AF1D2 /* Z6ToolsTests.swift */,
			);
			path = Z6ToolsTests;
			sourceTree = "<group>";
		};
		15962D7E27391F10002AF1D2 /* Z6ToolsUITests */ = {
			isa = PBXGroup;
			children = (
				15962D7F27391F10002AF1D2 /* Z6ToolsUITests.swift */,
				15962D8127391F10002AF1D2 /* Z6ToolsUITestsLaunchTests.swift */,
			);
			path = Z6ToolsUITests;
			sourceTree = "<group>";
		};
/* End PBXGroup section */

/* Begin PBXNativeTarget section */
		15962D5B27391F08002AF1D2 /* Z6Tools */ = {
			isa = PBXNativeTarget;
			buildConfigurationList = 15962D8527391F10002AF1D2 /* Build configuration list for PBXNativeTarget "Z6Tools" */;
			buildPhases = (
				15962D5827391F08002AF1D2 /* Sources */,
				15962D5927391F08002AF1D2 /* Frameworks */,
				15962D5A27391F08002AF1D2 /* Resources */,
			);
			buildRules = (
			);
			dependencies = (
			);
			name = Z6Tools;
			productName = Z6Tools;
			productReference = 15962D5C27391F08002AF1D2 /* Z6Tools.app */;
			productType = "com.apple.product-type.application";
		};
		15962D7027391F10002AF1D2 /* Z6ToolsTests */ = {
			isa = PBXNativeTarget;
			buildConfigurationList = 15962D8827391F10002AF1D2 /* Build configuration list for PBXNativeTarget "Z6ToolsTests" */;
			buildPhases = (
				15962D6D27391F10002AF1D2 /* Sources */,
				15962D6E27391F10002AF1D2 /* Frameworks */,
				15962D6F27391F10002AF1D2 /* Resources */,
			);
			buildRules = (
			);
			dependencies = (
				15962D7327391F10002AF1D2 /* PBXTargetDependency */,
			);
			name = Z6ToolsTests;
			productName = Z6ToolsTests;
			productReference = 15962D7127391F10002AF1D2 /* Z6ToolsTests.xctest */;
			productType = "com.apple.product-type.bundle.unit-test";
		};
		15962D7A27391F10002AF1D2 /* Z6ToolsUITests */ = {
			isa = PBXNativeTarget;
			buildConfigurationList = 15962D8B27391F10002AF1D2 /* Build configuration list for PBXNativeTarget "Z6ToolsUITests" */;
			buildPhases = (
				15962D7727391F10002AF1D2 /* Sources */,
				15962D7827391F10002AF1D2 /* Frameworks */,
				15962D7927391F10002AF1D2 /* Resources */,
			);
			buildRules = (
			);
			dependencies = (
				15962D7D27391F10002AF1D2 /* PBXTargetDependency */,
			);
			name = Z6ToolsUITests;
			productName = Z6ToolsUITests;
			productReference = 15962D7B27391F10002AF1D2 /* Z6ToolsUITests.xctest */;
			productType = "com.apple.product-type.bundle.ui-testing";
		};
/* End PBXNativeTarget section */

/* Begin PBXProject section */
		15962D5427391F08002AF1D2 /* Project object */ = {
			isa = PBXProject;
			attributes = {
				BuildIndependentTargetsInParallel = 1;
				LastSwiftUpdateCheck = 1300;
				LastUpgradeCheck = 1300;
				TargetAttributes = {
					15962D5B27391F08002AF1D2 = {
						CreatedOnToolsVersion = 13.0;
					};
					15962D7027391F10002AF1D2 = {
						CreatedOnToolsVersion = 13.0;
						TestTargetID = 15962D5B27391F08002AF1D2;
					};
					15962D7A27391F10002AF1D2 = {
						CreatedOnToolsVersion = 13.0;
						TestTargetID = 15962D5B27391F08002AF1D2;
					};
				};
			};
			buildConfigurationList = 15962D5727391F08002AF1D2 /* Build configuration list for PBXProject "Z6Tools" */;
			compatibilityVersion = "Xcode 13.0";
			developmentRegion = en;
			hasScannedForEncodings = 0;
			knownRegions = (
				en,
				Base,
			);
			mainGroup = 15962D5327391F08002AF1D2;
			productRefGroup = 15962D5D27391F08002AF1D2 /* Products */;
			projectDirPath = "";
			projectRoot = "";
			targets = (
				15962D5B27391F08002AF1D2 /* Z6Tools */,
				15962D7027391F10002AF1D2 /* Z6ToolsTests */,
				15962D7A27391F10002AF1D2 /* Z6ToolsUITests */,
			);
		};
/* End PBXProject section */

/* Begin PBXResourcesBuildPhase section */
		15962D5A27391F08002AF1D2 /* Resources */ = {
			isa = PBXResourcesBuildPhase;
			buildActionMask = 2147483647;
			files = (
				15962D6727391F0F002AF1D2 /* Preview Assets.xcassets in Resources */,
				15962D6427391F0F002AF1D2 /* Assets.xcassets in Resources */,
			);
			runOnlyForDeploymentPostprocessing = 0;
		};
		15962D6F27391F10002AF1D2 /* Resources */ = {
			isa = PBXResourcesBuildPhase;
			buildActionMask = 2147483647;
			files = (
			);
			runOnlyForDeploymentPostprocessing = 0;
		};
		15962D7927391F10002AF1D2 /* Resources */ = {
			isa = PBXResourcesBuildPhase;
			buildActionMask = 2147483647;
			files = (
			);
			runOnlyForDeploymentPostprocessing = 0;
		};
/* End PBXResourcesBuildPhase section */

/* Begin PBXSourcesBuildPhase section */
		15962D5827391F08002AF1D2 /* Sources */ = {
			isa = PBXSourcesBuildPhase;
			buildActionMask = 2147483647;
			files = (
				15962D6927391F0F002AF1D2 /* Persistence.swift in Sources */,
				15962D6C27391F0F002AF1D2 /* Z6Tools.xcdatamodeld in Sources */,
				15962D6227391F08002AF1D2 /* ContentView.swift in Sources */,
				15962D6027391F08002AF1D2 /* Z6ToolsApp.swift in Sources */,
			);
			runOnlyForDeploymentPostprocessing = 0;
		};
		15962D6D27391F10002AF1D2 /* Sources */ = {
			isa = PBXSourcesBuildPhase;
			buildActionMask = 2147483647;
			files = (
				15962D7627391F10002AF1D2 /* Z6ToolsTests.swift in Sources */,
			);
			runOnlyForDeploymentPostprocessing = 0;
		};
		15962D7727391F10002AF1D2 /* Sources */ = {
			isa = PBXSourcesBuildPhase;
			buildActionMask = 2147483647;
			files = (
				15962D8227391F10002AF1D2 /* Z6ToolsUITestsLaunchTests.swift in Sources */,
				15962D8027391F10002AF1D2 /* Z6ToolsUITests.swift in Sources */,
			);
			runOnlyForDeploymentPostprocessing = 0;
		};
/* End PBXSourcesBuildPhase section */

/* Begin PBXTargetDependency section */
		15962D7327391F10002AF1D2 /* PBXTargetDependency */ = {
			isa = PBXTargetDependency;
			target = 15962D5B27391F08002AF1D2 /* Z6Tools */;
			targetProxy = 15962D7227391F10002AF1D2 /* PBXContainerItemProxy */;
		};
		15962D7D27391F10002AF1D2 /* PBXTargetDependency */ = {
			isa = PBXTargetDependency;
			target = 15962D5B27391F08002AF1D2 /* Z6Tools */;
			targetProxy = 15962D7C27391F10002AF1D2 /* PBXContainerItemProxy */;
		};
/* End PBXTargetDependency section */

/* Begin XCBuildConfiguration section */
		15962D8327391F10002AF1D2 /* Debug */ = {
			isa = XCBuildConfiguration;
			buildSettings = {
				ALWAYS_SEARCH_USER_PATHS = NO;
				CLANG_ANALYZER_NONNULL = YES;
				CLANG_ANALYZER_NUMBER_OBJECT_CONVERSION = YES_AGGRESSIVE;
				CLANG_CXX_LANGUAGE_STANDARD = "gnu++17";
				CLANG_CXX_LIBRARY = "libc++";
				CLANG_ENABLE_MODULES = YES;
				CLANG_ENABLE_OBJC_ARC = YES;
				CLANG_ENABLE_OBJC_WEAK = YES;
				CLANG_WARN_BLOCK_CAPTURE_AUTORELEASING = YES;
				CLANG_WARN_BOOL_CONVERSION = YES;
				CLANG_WARN_COMMA = YES;
				CLANG_WARN_CONSTANT_CONVERSION = YES;
				CLANG_WARN_DEPRECATED_OBJC_IMPLEMENTATIONS = YES;
				CLANG_WARN_DIRECT_OBJC_ISA_USAGE = YES_ERROR;
				CLANG_WARN_DOCUMENTATION_COMMENTS = YES;
				CLANG_WARN_EMPTY_BODY = YES;
				CLANG_WARN_ENUM_CONVERSION = YES;
				CLANG_WARN_INFINITE_RECURSION = YES;
				CLANG_WARN_INT_CONVERSION = YES;
				CLANG_WARN_NON_LITERAL_NULL_CONVERSION = YES;
				CLANG_WARN_OBJC_IMPLICIT_RETAIN_SELF = YES;
				CLANG_WARN_OBJC_LITERAL_CONVERSION = YES;
				CLANG_WARN_OBJC_ROOT_CLASS = YES_ERROR;
				CLANG_WARN_QUOTED_INCLUDE_IN_FRAMEWORK_HEADER = YES;
				CLANG_WARN_RANGE_LOOP_ANALYSIS = YES;
				CLANG_WARN_STRICT_PROTOTYPES = YES;
				CLANG_WARN_SUSPICIOUS_MOVE = YES;
				CLANG_WARN_UNGUARDED_AVAILABILITY = YES_AGGRESSIVE;
				CLANG_WARN_UNREACHABLE_CODE = YES;
				CLANG_WARN__DUPLICATE_METHOD_MATCH = YES;
				COPY_PHASE_STRIP = NO;
				DEBUG_INFORMATION_FORMAT = dwarf;
				ENABLE_STRICT_OBJC_MSGSEND = YES;
				ENABLE_TESTABILITY = YES;
				GCC_C_LANGUAGE_STANDARD = gnu11;
				GCC_DYNAMIC_NO_PIC = NO;
				GCC_NO_COMMON_BLOCKS = YES;
				GCC_OPTIMIZATION_LEVEL = 0;
				GCC_PREPROCESSOR_DEFINITIONS = (
					"DEBUG=1",
					"$(inherited)",
				);
				GCC_WARN_64_TO_32_BIT_CONVERSION = YES;
				GCC_WARN_ABOUT_RETURN_TYPE = YES_ERROR;
				GCC_WARN_UNDECLARED_SELECTOR = YES;
				GCC_WARN_UNINITIALIZED_AUTOS = YES_AGGRESSIVE;
				GCC_WARN_UNUSED_FUNCTION = YES;
				GCC_WARN_UNUSED_VARIABLE = YES;
				IPHONEOS_DEPLOYMENT_TARGET = 15.0;
				MTL_ENABLE_DEBUG_INFO = INCLUDE_SOURCE;
				MTL_FAST_MATH = YES;
				ONLY_ACTIVE_ARCH = YES;
				SDKROOT = iphoneos;
				SWIFT_ACTIVE_COMPILATION_CONDITIONS = DEBUG;
				SWIFT_OPTIMIZATION_LEVEL = "-Onone";
			};
			name = Debug;
		};
		15962D8427391F10002AF1D2 /* Release */ = {
			isa = XCBuildConfiguration;
			buildSettings = {
				ALWAYS_SEARCH_USER_PATHS = NO;
				CLANG_ANALYZER_NONNULL = YES;
				CLANG_ANALYZER_NUMBER_OBJECT_CONVERSION = YES_AGGRESSIVE;
				CLANG_CXX_LANGUAGE_STANDARD = "gnu++17";
				CLANG_CXX_LIBRARY = "libc++";
				CLANG_ENABLE_MODULES = YES;
				CLANG_ENABLE_OBJC_ARC = YES;
				CLANG_ENABLE_OBJC_WEAK = YES;
				CLANG_WARN_BLOCK_CAPTURE_AUTORELEASING = YES;
				CLANG_WARN_BOOL_CONVERSION = YES;
				CLANG_WARN_COMMA = YES;
				CLANG_WARN_CONSTANT_CONVERSION = YES;
				CLANG_WARN_DEPRECATED_OBJC_IMPLEMENTATIONS = YES;
				CLANG_WARN_DIRECT_OBJC_ISA_USAGE = YES_ERROR;
				CLANG_WARN_DOCUMENTATION_COMMENTS = YES;
				CLANG_WARN_EMPTY_BODY = YES;
				CLANG_WARN_ENUM_CONVERSION = YES;
				CLANG_WARN_INFINITE_RECURSION = YES;
				CLANG_WARN_INT_CONVERSION = YES;
				CLANG_WARN_NON_LITERAL_NULL_CONVERSION = YES;
				CLANG_WARN_OBJC_IMPLICIT_RETAIN_SELF = YES;
				CLANG_WARN_OBJC_LITERAL_CONVERSION = YES;
				CLANG_WARN_OBJC_ROOT_CLASS = YES_ERROR;
				CLANG_WARN_QUOTED_INCLUDE_IN_FRAMEWORK_HEADER = YES;
				CLANG_WARN_RANGE_LOOP_ANALYSIS = YES;
				CLANG_WARN_STRICT_PROTOTYPES = YES;
				CLANG_WARN_SUSPICIOUS_MOVE = YES;
				CLANG_WARN_UNGUARDED_AVAILABILITY = YES_AGGRESSIVE;
				CLANG_WARN_UNREACHABLE_CODE = YES;
				CLANG_WARN__DUPLICATE_METHOD_MATCH = YES;
				COPY_PHASE_STRIP = NO;
				DEBUG_INFORMATION_FORMAT = "dwarf-with-dsym";
				ENABLE_NS_ASSERTIONS = NO;
				ENABLE_STRICT_OBJC_MSGSEND = YES;
				GCC_C_LANGUAGE_STANDARD = gnu11;
				GCC_NO_COMMON_BLOCKS = YES;
				GCC_WARN_64_TO_32_BIT_CONVERSION = YES;
				GCC_WARN_ABOUT_RETURN_TYPE = YES_ERROR;
				GCC_WARN_UNDECLARED_SELECTOR = YES;
				GCC_WARN_UNINITIALIZED_AUTOS = YES_AGGRESSIVE;
				GCC_WARN_UNUSED_FUNCTION = YES;
				GCC_WARN_UNUSED_VARIABLE = YES;
				IPHONEOS_DEPLOYMENT_TARGET = 15.0;
				MTL_ENABLE_DEBUG_INFO = NO;
				MTL_FAST_MATH = YES;
				SDKROOT = iphoneos;
				SWIFT_COMPILATION_MODE = wholemodule;
				SWIFT_OPTIMIZATION_LEVEL = "-O";
				VALIDATE_PRODUCT = YES;
			};
			name = Release;
		};
		15962D8627391F10002AF1D2 /* Debug */ = {
			isa = XCBuildConfiguration;
			buildSettings = {
				ASSETCATALOG_COMPILER_APPICON_NAME = AppIcon;
				ASSETCATALOG_COMPILER_GLOBAL_ACCENT_COLOR_NAME = AccentColor;
				CODE_SIGN_STYLE = Automatic;
				CURRENT_PROJECT_VERSION = 1;
				DEVELOPMENT_ASSET_PATHS = "\"Z6Tools/Preview Content\"";
				DEVELOPMENT_TEAM = 247C8A56ZC;
				ENABLE_PREVIEWS = YES;
				GENERATE_INFOPLIST_FILE = YES;
				INFOPLIST_KEY_UIApplicationSceneManifest_Generation = YES;
				INFOPLIST_KEY_UIApplicationSupportsIndirectInputEvents = YES;
				INFOPLIST_KEY_UILaunchScreen_Generation = YES;
				INFOPLIST_KEY_UISupportedInterfaceOrientations_iPad = "UIInterfaceOrientationPortrait UIInterfaceOrientationPortraitUpsideDown UIInterfaceOrientationLandscapeLeft UIInterfaceOrientationLandscapeRight";
				INFOPLIST_KEY_UISupportedInterfaceOrientations_iPhone = "UIInterfaceOrientationPortrait UIInterfaceOrientationLandscapeLeft UIInterfaceOrientationLandscapeRight";
				IPHONEOS_DEPLOYMENT_TARGET = 14.0;
				LD_RUNPATH_SEARCH_PATHS = (
					"$(inherited)",
					"@executable_path/Frameworks",
				);
				MARKETING_VERSION = 1.0;
				PRODUCT_BUNDLE_IDENTIFIER = com.z6.Z6Tools;
				PRODUCT_NAME = "$(TARGET_NAME)";
				SWIFT_EMIT_LOC_STRINGS = YES;
				SWIFT_VERSION = 5.0;
				TARGETED_DEVICE_FAMILY = "1,2";
			};
			name = Debug;
		};
		15962D8727391F10002AF1D2 /* Release */ = {
			isa = XCBuildConfiguration;
			buildSettings = {
				ASSETCATALOG_COMPILER_APPICON_NAME = AppIcon;
				ASSETCATALOG_COMPILER_GLOBAL_ACCENT_COLOR_NAME = AccentColor;
				CODE_SIGN_STYLE = Automatic;
				CURRENT_PROJECT_VERSION = 1;
				DEVELOPMENT_ASSET_PATHS = "\"Z6Tools/Preview Content\"";
				DEVELOPMENT_TEAM = 247C8A56ZC;
				ENABLE_PREVIEWS = YES;
				GENERATE_INFOPLIST_FILE = YES;
				INFOPLIST_KEY_UIApplicationSceneManifest_Generation = YES;
				INFOPLIST_KEY_UIApplicationSupportsIndirectInputEvents = YES;
				INFOPLIST_KEY_UILaunchScreen_Generation = YES;
				INFOPLIST_KEY_UISupportedInterfaceOrientations_iPad = "UIInterfaceOrientationPortrait UIInterfaceOrientationPortraitUpsideDown UIInterfaceOrientationLandscapeLeft UIInterfaceOrientationLandscapeRight";
				INFOPLIST_KEY_UISupportedInterfaceOrientations_iPhone = "UIInterfaceOrientationPortrait UIInterfaceOrientationLandscapeLeft UIInterfaceOrientationLandscapeRight";
				IPHONEOS_DEPLOYMENT_TARGET = 14.0;
				LD_RUNPATH_SEARCH_PATHS = (
					"$(inherited)",
					"@executable_path/Frameworks",
				);
				MARKETING_VERSION = 1.0;
				PRODUCT_BUNDLE_IDENTIFIER = com.z6.Z6Tools;
				PRODUCT_NAME = "$(TARGET_NAME)";
				SWIFT_EMIT_LOC_STRINGS = YES;
				SWIFT_VERSION = 5.0;
				TARGETED_DEVICE_FAMILY = "1,2";
			};
			name = Release;
		};
		15962D8927391F10002AF1D2 /* Debug */ = {
			isa = XCBuildConfiguration;
			buildSettings = {
				ALWAYS_EMBED_SWIFT_STANDARD_LIBRARIES = YES;
				BUNDLE_LOADER = "$(TEST_HOST)";
				CODE_SIGN_STYLE = Automatic;
				CURRENT_PROJECT_VERSION = 1;
				DEVELOPMENT_TEAM = 247C8A56ZC;
				GENERATE_INFOPLIST_FILE = YES;
				IPHONEOS_DEPLOYMENT_TARGET = 14.0;
				LD_RUNPATH_SEARCH_PATHS = (
					"$(inherited)",
					"@executable_path/Frameworks",
					"@loader_path/Frameworks",
				);
				MARKETING_VERSION = 1.0;
				PRODUCT_BUNDLE_IDENTIFIER = com.z6.Z6ToolsTests;
				PRODUCT_NAME = "$(TARGET_NAME)";
				SWIFT_EMIT_LOC_STRINGS = NO;
				SWIFT_VERSION = 5.0;
				TARGETED_DEVICE_FAMILY = "1,2";
				TEST_HOST = "$(BUILT_PRODUCTS_DIR)/Z6Tools.app/Z6Tools";
			};
			name = Debug;
		};
		15962D8A27391F10002AF1D2 /* Release */ = {
			isa = XCBuildConfiguration;
			buildSettings = {
				ALWAYS_EMBED_SWIFT_STANDARD_LIBRARIES = YES;
				BUNDLE_LOADER = "$(TEST_HOST)";
				CODE_SIGN_STYLE = Automatic;
				CURRENT_PROJECT_VERSION = 1;
				DEVELOPMENT_TEAM = 247C8A56ZC;
				GENERATE_INFOPLIST_FILE = YES;
				IPHONEOS_DEPLOYMENT_TARGET = 14.0;
				LD_RUNPATH_SEARCH_PATHS = (
					"$(inherited)",
					"@executable_path/Frameworks",
					"@loader_path/Frameworks",
				);
				MARKETING_VERSION = 1.0;
				PRODUCT_BUNDLE_IDENTIFIER = com.z6.Z6ToolsTests;
				PRODUCT_NAME = "$(TARGET_NAME)";
				SWIFT_EMIT_LOC_STRINGS = NO;
				SWIFT_VERSION = 5.0;
				TARGETED_DEVICE_FAMILY = "1,2";
				TEST_HOST = "$(BUILT_PRODUCTS_DIR)/Z6Tools.app/Z6Tools";
			};
			name = Release;
		};
		15962D8C27391F10002AF1D2 /* Debug */ = {
			isa = XCBuildConfiguration;
			buildSettings = {
				ALWAYS_EMBED_SWIFT_STANDARD_LIBRARIES = YES;
				CODE_SIGN_STYLE = Automatic;
				CURRENT_PROJECT_VERSION = 1;
				DEVELOPMENT_TEAM = 247C8A56ZC;
				GENERATE_INFOPLIST_FILE = YES;
				LD_RUNPATH_SEARCH_PATHS = (
					"$(inherited)",
					"@executable_path/Frameworks",
					"@loader_path/Frameworks",
				);
				MARKETING_VERSION = 1.0;
				PRODUCT_BUNDLE_IDENTIFIER = com.z6.Z6ToolsUITests;
				PRODUCT_NAME = "$(TARGET_NAME)";
				SWIFT_EMIT_LOC_STRINGS = NO;
				SWIFT_VERSION = 5.0;
				TARGETED_DEVICE_FAMILY = "1,2";
				TEST_TARGET_NAME = Z6Tools;
			};
			name = Debug;
		};
		15962D8D27391F10002AF1D2 /* Release */ = {
			isa = XCBuildConfiguration;
			buildSettings = {
				ALWAYS_EMBED_SWIFT_STANDARD_LIBRARIES = YES;
				CODE_SIGN_STYLE = Automatic;
				CURRENT_PROJECT_VERSION = 1;
				DEVELOPMENT_TEAM = 247C8A56ZC;
				GENERATE_INFOPLIST_FILE = YES;
				LD_RUNPATH_SEARCH_PATHS = (
					"$(inherited)",
					"@executable_path/Frameworks",
					"@loader_path/Frameworks",
				);
				MARKETING_VERSION = 1.0;
				PRODUCT_BUNDLE_IDENTIFIER = com.z6.Z6ToolsUITests;
				PRODUCT_NAME = "$(TARGET_NAME)";
				SWIFT_EMIT_LOC_STRINGS = NO;
				SWIFT_VERSION = 5.0;
				TARGETED_DEVICE_FAMILY = "1,2";
				TEST_TARGET_NAME = Z6Tools;
			};
			name = Release;
		};
/* End XCBuildConfiguration section */

/* Begin XCConfigurationList section */
		15962D5727391F08002AF1D2 /* Build configuration list for PBXProject "Z6Tools" */ = {
			isa = XCConfigurationList;
			buildConfigurations = (
				15962D8327391F10002AF1D2 /* Debug */,
				15962D8427391F10002AF1D2 /* Release */,
			);
			defaultConfigurationIsVisible = 0;
			defaultConfigurationName = Release;
		};
		15962D8527391F10002AF1D2 /* Build configuration list for PBXNativeTarget "Z6Tools" */ = {
			isa = XCConfigurationList;
			buildConfigurations = (
				15962D8627391F10002AF1D2 /* Debug */,
				15962D8727391F10002AF1D2 /* Release */,
			);
			defaultConfigurationIsVisible = 0;
			defaultConfigurationName = Release;
		};
		15962D8827391F10002AF1D2 /* Build configuration list for PBXNativeTarget "Z6ToolsTests" */ = {
			isa = XCConfigurationList;
			buildConfigurations = (
				15962D8927391F10002AF1D2 /* Debug */,
				15962D8A27391F10002AF1D2 /* Release */,
			);
			defaultConfigurationIsVisible = 0;
			defaultConfigurationName = Release;
		};
		15962D8B27391F10002AF1D2 /* Build configuration list for PBXNativeTarget "Z6ToolsUITests" */ = {
			isa = XCConfigurationList;
			buildConfigurations = (
				15962D8C27391F10002AF1D2 /* Debug */,
				15962D8D27391F10002AF1D2 /* Release */,
			);
			defaultConfigurationIsVisible = 0;
			defaultConfigurationName = Release;
		};
/* End XCConfigurationList section */

/* Begin XCVersionGroup section */
		15962D6A27391F0F002AF1D2 /* Z6Tools.xcdatamodeld */ = {
			isa = XCVersionGroup;
			children = (
				15962D6B27391F0F002AF1D2 /* Z6Tools.xcdatamodel */,
			);
			currentVersion = 15962D6B27391F0F002AF1D2 /* Z6Tools.xcdatamodel */;
			path = Z6Tools.xcdatamodeld;
			sourceTree = "<group>";
			versionGroupType = wrapper.xcdatamodel;
		};
/* End XCVersionGroup section */
	};
	rootObject = 15962D5427391F08002AF1D2 /* Project object */;
}
